// !$*UTF8*$!
{
	archiveVersion = 1;
	classes = {
	};
	objectVersion = 56;
	objects = {

/* Begin PBXBuildFile section */
		5A7F8FEB29AB58970012B496 /* AppDelegate.swift in Sources */ = {isa = PBXBuildFile; fileRef = 5A7F8FEA29AB58970012B496 /* AppDelegate.swift */; };
		5A7F8FED29AB58970012B496 /* SceneDelegate.swift in Sources */ = {isa = PBXBuildFile; fileRef = 5A7F8FEC29AB58970012B496 /* SceneDelegate.swift */; };
		5A7F8FEF29AB58970012B496 /* ViewController.swift in Sources */ = {isa = PBXBuildFile; fileRef = 5A7F8FEE29AB58970012B496 /* ViewController.swift */; };
		5A7F8FF429AB58980012B496 /* Assets.xcassets in Resources */ = {isa = PBXBuildFile; fileRef = 5A7F8FF329AB58980012B496 /* Assets.xcassets */; };
		5A7F8FF729AB58980012B496 /* LaunchScreen.storyboard in Resources */ = {isa = PBXBuildFile; fileRef = 5A7F8FF529AB58980012B496 /* LaunchScreen.storyboard */; };
		5A90258729AB5D0000D278EE /* TraktManager.swift in Sources */ = {isa = PBXBuildFile; fileRef = 5A90258629AB5D0000D278EE /* TraktManager.swift */; };
		5A90258A29AB5E5F00D278EE /* KeychainAccess in Frameworks */ = {isa = PBXBuildFile; productRef = 5A90258929AB5E5F00D278EE /* KeychainAccess */; };
		5A90258D29AB5F0D00D278EE /* OAuthSwift in Frameworks */ = {isa = PBXBuildFile; productRef = 5A90258C29AB5F0D00D278EE /* OAuthSwift */; };
/* End PBXBuildFile section */

/* Begin PBXFileReference section */
		5A7F8FE729AB58970012B496 /* echo.app */ = {isa = PBXFileReference; explicitFileType = wrapper.application; includeInIndex = 0; path = echo.app; sourceTree = BUILT_PRODUCTS_DIR; };
		5A7F8FEA29AB58970012B496 /* AppDelegate.swift */ = {isa = PBXFileReference; lastKnownFileType = sourcecode.swift; path = AppDelegate.swift; sourceTree = "<group>"; };
		5A7F8FEC29AB58970012B496 /* SceneDelegate.swift */ = {isa = PBXFileReference; lastKnownFileType = sourcecode.swift; path = SceneDelegate.swift; sourceTree = "<group>"; };
		5A7F8FEE29AB58970012B496 /* ViewController.swift */ = {isa = PBXFileReference; lastKnownFileType = sourcecode.swift; path = ViewController.swift; sourceTree = "<group>"; };
		5A7F8FF329AB58980012B496 /* Assets.xcassets */ = {isa = PBXFileReference; lastKnownFileType = folder.assetcatalog; path = Assets.xcassets; sourceTree = "<group>"; };
		5A7F8FF629AB58980012B496 /* Base */ = {isa = PBXFileReference; lastKnownFileType = file.storyboard; name = Base; path = Base.lproj/LaunchScreen.storyboard; sourceTree = "<group>"; };
		5A7F8FF829AB58980012B496 /* Info.plist */ = {isa = PBXFileReference; lastKnownFileType = text.plist.xml; path = Info.plist; sourceTree = "<group>"; };
		5A90258629AB5D0000D278EE /* TraktManager.swift */ = {isa = PBXFileReference; lastKnownFileType = sourcecode.swift; path = TraktManager.swift; sourceTree = "<group>"; };
/* End PBXFileReference section */

/* Begin PBXFrameworksBuildPhase section */
		5A7F8FE429AB58970012B496 /* Frameworks */ = {
			isa = PBXFrameworksBuildPhase;
			buildActionMask = 2147483647;
			files = (
				5A90258D29AB5F0D00D278EE /* OAuthSwift in Frameworks */,
				5A90258A29AB5E5F00D278EE /* KeychainAccess in Frameworks */,
			);
			runOnlyForDeploymentPostprocessing = 0;
		};
/* End PBXFrameworksBuildPhase section */

/* Begin PBXGroup section */
		5A7F8FDE29AB58970012B496 = {
			isa = PBXGroup;
			children = (
				5A7F8FE929AB58970012B496 /* echo */,
				5A7F8FE829AB58970012B496 /* Products */,
			);
			sourceTree = "<group>";
		};
		5A7F8FE829AB58970012B496 /* Products */ = {
			isa = PBXGroup;
			children = (
				5A7F8FE729AB58970012B496 /* echo.app */,
			);
			name = Products;
			sourceTree = "<group>";
		};
		5A7F8FE929AB58970012B496 /* echo */ = {
			isa = PBXGroup;
			children = (
				5A7F8FEA29AB58970012B496 /* AppDelegate.swift */,
				5A7F8FEC29AB58970012B496 /* SceneDelegate.swift */,
				5A90258629AB5D0000D278EE /* TraktManager.swift */,
				5A7F8FEE29AB58970012B496 /* ViewController.swift */,
				5AABF84229AB59AB004F8B95 /* Resources */,
			);
			path = echo;
			sourceTree = "<group>";
		};
		5AABF84229AB59AB004F8B95 /* Resources */ = {
			isa = PBXGroup;
			children = (
				5A7F8FF329AB58980012B496 /* Assets.xcassets */,
				5A7F8FF529AB58980012B496 /* LaunchScreen.storyboard */,
				5A7F8FF829AB58980012B496 /* Info.plist */,
			);
			path = Resources;
			sourceTree = "<group>";
		};
/* End PBXGroup section */

/* Begin PBXNativeTarget section */
		5A7F8FE629AB58970012B496 /* echo */ = {
			isa = PBXNativeTarget;
			buildConfigurationList = 5A7F8FFB29AB58980012B496 /* Build configuration list for PBXNativeTarget "echo" */;
			buildPhases = (
				5A7F8FE329AB58970012B496 /* Sources */,
				5A7F8FE429AB58970012B496 /* Frameworks */,
				5A7F8FE529AB58970012B496 /* Resources */,
			);
			buildRules = (
			);
			dependencies = (
			);
			name = echo;
			packageProductDependencies = (
				5A90258929AB5E5F00D278EE /* KeychainAccess */,
				5A90258C29AB5F0D00D278EE /* OAuthSwift */,
			);
			productName = echo;
			productReference = 5A7F8FE729AB58970012B496 /* echo.app */;
			productType = "com.apple.product-type.application";
		};
/* End PBXNativeTarget section */

/* Begin PBXProject section */
		5A7F8FDF29AB58970012B496 /* Project object */ = {
			isa = PBXProject;
			attributes = {
				BuildIndependentTargetsInParallel = 1;
				LastSwiftUpdateCheck = 1420;
				LastUpgradeCheck = 1420;
				TargetAttributes = {
					5A7F8FE629AB58970012B496 = {
						CreatedOnToolsVersion = 14.2;
					};
				};
			};
			buildConfigurationList = 5A7F8FE229AB58970012B496 /* Build configuration list for PBXProject "echo" */;
			compatibilityVersion = "Xcode 14.0";
			developmentRegion = en;
			hasScannedForEncodings = 0;
			knownRegions = (
				en,
				Base,
			);
			mainGroup = 5A7F8FDE29AB58970012B496;
			packageReferences = (
				5A90258829AB5E5F00D278EE /* XCRemoteSwiftPackageReference "KeychainAccess" */,
				5A90258B29AB5F0D00D278EE /* XCRemoteSwiftPackageReference "OAuthSwift" */,
			);
			productRefGroup = 5A7F8FE829AB58970012B496 /* Products */;
			projectDirPath = "";
			projectRoot = "";
			targets = (
				5A7F8FE629AB58970012B496 /* echo */,
			);
		};
/* End PBXProject section */

/* Begin PBXResourcesBuildPhase section */
		5A7F8FE529AB58970012B496 /* Resources */ = {
			isa = PBXResourcesBuildPhase;
			buildActionMask = 2147483647;
			files = (
				5A7F8FF729AB58980012B496 /* LaunchScreen.storyboard in Resources */,
				5A7F8FF429AB58980012B496 /* Assets.xcassets in Resources */,
			);
			runOnlyForDeploymentPostprocessing = 0;
		};
/* End PBXResourcesBuildPhase section */

/* Begin PBXSourcesBuildPhase section */
		5A7F8FE329AB58970012B496 /* Sources */ = {
			isa = PBXSourcesBuildPhase;
			buildActionMask = 2147483647;
			files = (
				5A7F8FEF29AB58970012B496 /* ViewController.swift in Sources */,
				5A7F8FEB29AB58970012B496 /* AppDelegate.swift in Sources */,
				5A90258729AB5D0000D278EE /* TraktManager.swift in Sources */,
				5A7F8FED29AB58970012B496 /* SceneDelegate.swift in Sources */,
			);
			runOnlyForDeploymentPostprocessing = 0;
		};
/* End PBXSourcesBuildPhase section */

/* Begin PBXVariantGroup section */
		5A7F8FF529AB58980012B496 /* LaunchScreen.storyboard */ = {
			isa = PBXVariantGroup;
			children = (
				5A7F8FF629AB58980012B496 /* Base */,
			);
			name = LaunchScreen.storyboard;
			sourceTree = "<group>";
		};
/* End PBXVariantGroup section */

/* Begin XCBuildConfiguration section */
		5A7F8FF929AB58980012B496 /* Debug */ = {
			isa = XCBuildConfiguration;
			buildSettings = {
				ALWAYS_SEARCH_USER_PATHS = NO;
				CLANG_ANALYZER_NONNULL = YES;
				CLANG_ANALYZER_NUMBER_OBJECT_CONVERSION = YES_AGGRESSIVE;
				CLANG_CXX_LANGUAGE_STANDARD = "gnu++20";
				CLANG_ENABLE_MODULES = YES;
				CLANG_ENABLE_OBJC_ARC = YES;
				CLANG_ENABLE_OBJC_WEAK = YES;
				CLANG_WARN_BLOCK_CAPTURE_AUTORELEASING = YES;
				CLANG_WARN_BOOL_CONVERSION = YES;
				CLANG_WARN_COMMA = YES;
				CLANG_WARN_CONSTANT_CONVERSION = YES;
				CLANG_WARN_DEPRECATED_OBJC_IMPLEMENTATIONS = YES;
				CLANG_WARN_DIRECT_OBJC_ISA_USAGE = YES_ERROR;
				CLANG_WARN_DOCUMENTATION_COMMENTS = YES;
				CLANG_WARN_EMPTY_BODY = YES;
				CLANG_WARN_ENUM_CONVERSION = YES;
				CLANG_WARN_INFINITE_RECURSION = YES;
				CLANG_WARN_INT_CONVERSION = YES;
				CLANG_WARN_NON_LITERAL_NULL_CONVERSION = YES;
				CLANG_WARN_OBJC_IMPLICIT_RETAIN_SELF = YES;
				CLANG_WARN_OBJC_LITERAL_CONVERSION = YES;
				CLANG_WARN_OBJC_ROOT_CLASS = YES_ERROR;
				CLANG_WARN_QUOTED_INCLUDE_IN_FRAMEWORK_HEADER = YES;
				CLANG_WARN_RANGE_LOOP_ANALYSIS = YES;
				CLANG_WARN_STRICT_PROTOTYPES = YES;
				CLANG_WARN_SUSPICIOUS_MOVE = YES;
				CLANG_WARN_UNGUARDED_AVAILABILITY = YES_AGGRESSIVE;
				CLANG_WARN_UNREACHABLE_CODE = YES;
				CLANG_WARN__DUPLICATE_METHOD_MATCH = YES;
				COPY_PHASE_STRIP = NO;
				DEBUG_INFORMATION_FORMAT = dwarf;
				ENABLE_STRICT_OBJC_MSGSEND = YES;
				ENABLE_TESTABILITY = YES;
				GCC_C_LANGUAGE_STANDARD = gnu11;
				GCC_DYNAMIC_NO_PIC = NO;
				GCC_NO_COMMON_BLOCKS = YES;
				GCC_OPTIMIZATION_LEVEL = 0;
				GCC_PREPROCESSOR_DEFINITIONS = (
					"DEBUG=1",
					"$(inherited)",
				);
				GCC_WARN_64_TO_32_BIT_CONVERSION = YES;
				GCC_WARN_ABOUT_RETURN_TYPE = YES_ERROR;
				GCC_WARN_UNDECLARED_SELECTOR = YES;
				GCC_WARN_UNINITIALIZED_AUTOS = YES_AGGRESSIVE;
				GCC_WARN_UNUSED_FUNCTION = YES;
				GCC_WARN_UNUSED_VARIABLE = YES;
				IPHONEOS_DEPLOYMENT_TARGET = 16.2;
				MTL_ENABLE_DEBUG_INFO = INCLUDE_SOURCE;
				MTL_FAST_MATH = YES;
				ONLY_ACTIVE_ARCH = YES;
				SDKROOT = iphoneos;
				SWIFT_ACTIVE_COMPILATION_CONDITIONS = DEBUG;
				SWIFT_OPTIMIZATION_LEVEL = "-Onone";
			};
			name = Debug;
		};
		5A7F8FFA29AB58980012B496 /* Release */ = {
			isa = XCBuildConfiguration;
			buildSettings = {
				ALWAYS_SEARCH_USER_PATHS = NO;
				CLANG_ANALYZER_NONNULL = YES;
				CLANG_ANALYZER_NUMBER_OBJECT_CONVERSION = YES_AGGRESSIVE;
				CLANG_CXX_LANGUAGE_STANDARD = "gnu++20";
				CLANG_ENABLE_MODULES = YES;
				CLANG_ENABLE_OBJC_ARC = YES;
				CLANG_ENABLE_OBJC_WEAK = YES;
				CLANG_WARN_BLOCK_CAPTURE_AUTORELEASING = YES;
				CLANG_WARN_BOOL_CONVERSION = YES;
				CLANG_WARN_COMMA = YES;
				CLANG_WARN_CONSTANT_CONVERSION = YES;
				CLANG_WARN_DEPRECATED_OBJC_IMPLEMENTATIONS = YES;
				CLANG_WARN_DIRECT_OBJC_ISA_USAGE = YES_ERROR;
				CLANG_WARN_DOCUMENTATION_COMMENTS = YES;
				CLANG_WARN_EMPTY_BODY = YES;
				CLANG_WARN_ENUM_CONVERSION = YES;
				CLANG_WARN_INFINITE_RECURSION = YES;
				CLANG_WARN_INT_CONVERSION = YES;
				CLANG_WARN_NON_LITERAL_NULL_CONVERSION = YES;
				CLANG_WARN_OBJC_IMPLICIT_RETAIN_SELF = YES;
				CLANG_WARN_OBJC_LITERAL_CONVERSION = YES;
				CLANG_WARN_OBJC_ROOT_CLASS = YES_ERROR;
				CLANG_WARN_QUOTED_INCLUDE_IN_FRAMEWORK_HEADER = YES;
				CLANG_WARN_RANGE_LOOP_ANALYSIS = YES;
				CLANG_WARN_STRICT_PROTOTYPES = YES;
				CLANG_WARN_SUSPICIOUS_MOVE = YES;
				CLANG_WARN_UNGUARDED_AVAILABILITY = YES_AGGRESSIVE;
				CLANG_WARN_UNREACHABLE_CODE = YES;
				CLANG_WARN__DUPLICATE_METHOD_MATCH = YES;
				COPY_PHASE_STRIP = NO;
				DEBUG_INFORMATION_FORMAT = "dwarf-with-dsym";
				ENABLE_NS_ASSERTIONS = NO;
				ENABLE_STRICT_OBJC_MSGSEND = YES;
				GCC_C_LANGUAGE_STANDARD = gnu11;
				GCC_NO_COMMON_BLOCKS = YES;
				GCC_WARN_64_TO_32_BIT_CONVERSION = YES;
				GCC_WARN_ABOUT_RETURN_TYPE = YES_ERROR;
				GCC_WARN_UNDECLARED_SELECTOR = YES;
				GCC_WARN_UNINITIALIZED_AUTOS = YES_AGGRESSIVE;
				GCC_WARN_UNUSED_FUNCTION = YES;
				GCC_WARN_UNUSED_VARIABLE = YES;
				IPHONEOS_DEPLOYMENT_TARGET = 16.2;
				MTL_ENABLE_DEBUG_INFO = NO;
				MTL_FAST_MATH = YES;
				SDKROOT = iphoneos;
				SWIFT_COMPILATION_MODE = wholemodule;
				SWIFT_OPTIMIZATION_LEVEL = "-O";
				VALIDATE_PRODUCT = YES;
			};
			name = Release;
		};
		5A7F8FFC29AB58980012B496 /* Debug */ = {
			isa = XCBuildConfiguration;
			buildSettings = {
				ASSETCATALOG_COMPILER_APPICON_NAME = AppIcon;
				ASSETCATALOG_COMPILER_GLOBAL_ACCENT_COLOR_NAME = AccentColor;
				CODE_SIGN_STYLE = Automatic;
				CURRENT_PROJECT_VERSION = 1;
				DEVELOPMENT_TEAM = P4DQK6SRKR;
				GENERATE_INFOPLIST_FILE = YES;
				INFOPLIST_FILE = echo/Resources/Info.plist;
				INFOPLIST_KEY_UIApplicationSupportsIndirectInputEvents = YES;
				INFOPLIST_KEY_UILaunchStoryboardName = LaunchScreen;
				INFOPLIST_KEY_UISupportedInterfaceOrientations_iPad = "UIInterfaceOrientationPortrait UIInterfaceOrientationPortraitUpsideDown UIInterfaceOrientationLandscapeLeft UIInterfaceOrientationLandscapeRight";
				INFOPLIST_KEY_UISupportedInterfaceOrientations_iPhone = "UIInterfaceOrientationPortrait UIInterfaceOrientationLandscapeLeft UIInterfaceOrientationLandscapeRight";
				LD_RUNPATH_SEARCH_PATHS = (
					"$(inherited)",
					"@executable_path/Frameworks",
				);
				MARKETING_VERSION = 1.0;
				PRODUCT_BUNDLE_IDENTIFIER = com.marcusziade.echo;
				PRODUCT_NAME = "$(TARGET_NAME)";
				SWIFT_EMIT_LOC_STRINGS = YES;
				SWIFT_VERSION = 5.0;
				TARGETED_DEVICE_FAMILY = "1,2";
			};
			name = Debug;
		};
		5A7F8FFD29AB58980012B496 /* Release */ = {
			isa = XCBuildConfiguration;
			buildSettings = {
				ASSETCATALOG_COMPILER_APPICON_NAME = AppIcon;
				ASSETCATALOG_COMPILER_GLOBAL_ACCENT_COLOR_NAME = AccentColor;
				CODE_SIGN_STYLE = Automatic;
				CURRENT_PROJECT_VERSION = 1;
				DEVELOPMENT_TEAM = P4DQK6SRKR;
				GENERATE_INFOPLIST_FILE = YES;
				INFOPLIST_FILE = echo/Resources/Info.plist;
				INFOPLIST_KEY_UIApplicationSupportsIndirectInputEvents = YES;
				INFOPLIST_KEY_UILaunchStoryboardName = LaunchScreen;
				INFOPLIST_KEY_UISupportedInterfaceOrientations_iPad = "UIInterfaceOrientationPortrait UIInterfaceOrientationPortraitUpsideDown UIInterfaceOrientationLandscapeLeft UIInterfaceOrientationLandscapeRight";
				INFOPLIST_KEY_UISupportedInterfaceOrientations_iPhone = "UIInterfaceOrientationPortrait UIInterfaceOrientationLandscapeLeft UIInterfaceOrientationLandscapeRight";
				LD_RUNPATH_SEARCH_PATHS = (
					"$(inherited)",
					"@executable_path/Frameworks",
				);
				MARKETING_VERSION = 1.0;
				PRODUCT_BUNDLE_IDENTIFIER = com.marcusziade.echo;
				PRODUCT_NAME = "$(TARGET_NAME)";
				SWIFT_EMIT_LOC_STRINGS = YES;
				SWIFT_VERSION = 5.0;
				TARGETED_DEVICE_FAMILY = "1,2";
			};
			name = Release;
		};
/* End XCBuildConfiguration section */

/* Begin XCConfigurationList section */
		5A7F8FE229AB58970012B496 /* Build configuration list for PBXProject "echo" */ = {
			isa = XCConfigurationList;
			buildConfigurations = (
				5A7F8FF929AB58980012B496 /* Debug */,
				5A7F8FFA29AB58980012B496 /* Release */,
			);
			defaultConfigurationIsVisible = 0;
			defaultConfigurationName = Release;
		};
		5A7F8FFB29AB58980012B496 /* Build configuration list for PBXNativeTarget "echo" */ = {
			isa = XCConfigurationList;
			buildConfigurations = (
				5A7F8FFC29AB58980012B496 /* Debug */,
				5A7F8FFD29AB58980012B496 /* Release */,
			);
			defaultConfigurationIsVisible = 0;
			defaultConfigurationName = Release;
		};
/* End XCConfigurationList section */

/* Begin XCRemoteSwiftPackageReference section */
		5A90258829AB5E5F00D278EE /* XCRemoteSwiftPackageReference "KeychainAccess" */ = {
			isa = XCRemoteSwiftPackageReference;
			repositoryURL = "https://github.com/kishikawakatsumi/KeychainAccess.git";
			requirement = {
				branch = master;
				kind = branch;
			};
		};
		5A90258B29AB5F0D00D278EE /* XCRemoteSwiftPackageReference "OAuthSwift" */ = {
			isa = XCRemoteSwiftPackageReference;
			repositoryURL = "https://github.com/OAuthSwift/OAuthSwift.git";
			requirement = {
				branch = master;
				kind = branch;
			};
		};
/* End XCRemoteSwiftPackageReference section */

/* Begin XCSwiftPackageProductDependency section */
		5A90258929AB5E5F00D278EE /* KeychainAccess */ = {
			isa = XCSwiftPackageProductDependency;
			package = 5A90258829AB5E5F00D278EE /* XCRemoteSwiftPackageReference "KeychainAccess" */;
			productName = KeychainAccess;
		};
		5A90258C29AB5F0D00D278EE /* OAuthSwift */ = {
			isa = XCSwiftPackageProductDependency;
			package = 5A90258B29AB5F0D00D278EE /* XCRemoteSwiftPackageReference "OAuthSwift" */;
			productName = OAuthSwift;
		};
/* End XCSwiftPackageProductDependency section */
	};
	rootObject = 5A7F8FDF29AB58970012B496 /* Project object */;
}
